PODS:
  - Alamofire (5.2.2)
  - IQKeyboardManagerSwift (6.5.6)
  - SDWebImage (5.9.0):
    - SDWebImage/Core (= 5.9.0)
  - SDWebImage/Core (5.9.0)

DEPENDENCIES:
  - Alamofire
  - IQKeyboardManagerSwift
  - SDWebImage

SPEC REPOS:
  trunk:
    - Alamofire
    - IQKeyboardManagerSwift
    - SDWebImage

SPEC CHECKSUMS:
  Alamofire: 814429acc853c6c54ff123fc3d2ef66803823ce0
  IQKeyboardManagerSwift: c7df9d2deb356c04522f5c4b7b6e4ce4d8ed94fe
  SDWebImage: 62ae4a18473520c67b79e9724c31a63599cc9423

PODFILE CHECKSUM: 4ff454d4aaf791a0e192f7c3307ec328338dcdf9

COCOAPODS: 1.9.3
